github.com/Zubayear/ryushin v0.4.1 h1:+KOZh2eMk+zU7zQ1XMwcAoGV5Idm50oPagBy661misg=
github.com/Zubayear/ryushin v0.4.1/go.mod h1:sov8Rdwz75gqjE+zD6djrISymGD9PH9UQuC8U4+jtv0=
golang.org/x/exp v0.0.0-20250819193227-8b4c13bb791b h1:DXr+pvt3nC887026GRP39Ej11UATqWDmWuS99x26cD0=
golang.org/x/exp v0.0.0-20250819193227-8b4c13bb791b/go.mod h1:4QTo5u+SEIbbKW1RacMZq1YEfOBqeXa19JeshGi+zc4=
